{
  "name": "producteur",
  "lockfileVersion": 2,
  "requires": true,
  "packages": {
    "": {
      "dependencies": {
        "javascript-form-validation": "^2.1.1",
        "just-validate": "^3.5.1"
      }
    },
    "node_modules/javascript-form-validation": {
      "version": "2.1.1",
      "resolved": "https://registry.npmjs.org/javascript-form-validation/-/javascript-form-validation-2.1.1.tgz",
      "integrity": "sha512-0WG0r2B2iGyqyUZJV5K6FrnjqKTVmzjqRxE4EX2wk9CJZlRF+iLMYvxKUcyu7uB7np08Y51K+MuyQXOFc2jFWw=="
    },
    "node_modules/just-validate": {
      "version": "3.5.1",
      "resolved": "https://registry.npmjs.org/just-validate/-/just-validate-3.5.1.tgz",
      "integrity": "sha512-NKuUFjhd/O7fi4Y/n27VUeXv1dDfkIUx5MeDOs+fW7yXmDfH37MvYT43c+GxYx9DXUOymtnoK9dGINfAKKssnQ=="
    }
  },
  "dependencies": {
    "javascript-form-validation": {
      "version": "2.1.1",
      "resolved": "https://registry.npmjs.org/javascript-form-validation/-/javascript-form-validation-2.1.1.tgz",
      "integrity": "sha512-0WG0r2B2iGyqyUZJV5K6FrnjqKTVmzjqRxE4EX2wk9CJZlRF+iLMYvxKUcyu7uB7np08Y51K+MuyQXOFc2jFWw=="
    },
    "just-validate": {
      "version": "3.5.1",
      "resolved": "https://registry.npmjs.org/just-validate/-/just-validate-3.5.1.tgz",
      "integrity": "sha512-NKuUFjhd/O7fi4Y/n27VUeXv1dDfkIUx5MeDOs+fW7yXmDfH37MvYT43c+GxYx9DXUOymtnoK9dGINfAKKssnQ=="
    }
  }
}
